
Microsoft Visual Studio Solution File, Format Version 12.00
Project("{FAE04EC0-301F-11D3-BF4B-00C04F79EFBC}") = "kingsman", "kingsman\kingsman.csproj", "{926B6DF9-7BE1-4C66-8B1F-FE70AF55BDA6}"
EndProject
Global
	GlobalSection(SolutionConfigurationPlatforms) = preSolution
		Debug|Any CPU = Debug|Any CPU
		Release|Any CPU = Release|Any CPU
	EndGlobalSection
	GlobalSection(ProjectConfigurationPlatforms) = postSolution
		{926B6DF9-7BE1-4C66-8B1F-FE70AF55BDA6}.Debug|Any CPU.ActiveCfg = Debug|Any CPU
		{926B6DF9-7BE1-4C66-8B1F-FE70AF55BDA6}.Debug|Any CPU.Build.0 = Debug|Any CPU
		{926B6DF9-7BE1-4C66-8B1F-FE70AF55BDA6}.Release|Any CPU.ActiveCfg = Release|Any CPU
		{926B6DF9-7BE1-4C66-8B1F-FE70AF55BDA6}.Release|Any CPU.Build.0 = Release|Any CPU
	EndGlobalSection
EndGlobal
